
Microsoft Visual Studio Solution File, Format Version 12.00
# Visual Studio Version 17
VisualStudioVersion = 17.13.35825.156
MinimumVisualStudioVersion = 10.0.40219.1
Project("{2150E333-8FDC-42A3-9474-1A3956D46DE8}") = "Chapter01", "Chapter01", "{DDB4EF12-CC4E-5E88-E6FC-71A802F4DE97}"
EndProject
Project("{FAE04EC0-301F-11D3-BF4B-00C04F79EFBC}") = "ProductSample", "Chapter01\ProductSample\ProductSample.csproj", "{F125B557-CBBF-41FE-9086-D04A4F3939F8}"
EndProject
Project("{2150E333-8FDC-42A3-9474-1A3956D46DE8}") = "Chapter02", "Chapter02", "{BE27865E-816E-45C0-AEAF-BBD884F88BBE}"
EndProject
Project("{FAE04EC0-301F-11D3-BF4B-00C04F79EFBC}") = "DistanceConverter", "Chapter02\DistanceConverter\DistanceConverter.csproj", "{CB73CF70-072B-4649-81D0-7795684D6FF3}"
EndProject
Project("{2150E333-8FDC-42A3-9474-1A3956D46DE8}") = "演習問題", "演習問題", "{8FDB6222-DE03-4996-AFF4-E57E4BA23AA1}"
EndProject
Project("{FAE04EC0-301F-11D3-BF4B-00C04F79EFBC}") = "Exercise02", "Chapter02\演習問題\Exercise02\Exercise02.csproj", "{E8466C88-4AF8-4BFC-9910-A1C99DA61626}"
EndProject
Project("{2150E333-8FDC-42A3-9474-1A3956D46DE8}") = "距離換算プログラム", "距離換算プログラム", "{AC93A825-5A15-4B22-8A24-9D16FA91CD93}"
EndProject
Project("{2150E333-8FDC-42A3-9474-1A3956D46DE8}") = "FormApps", "FormApps", "{5BFE22A5-BCD1-43BE-8AC1-9491D01CDE84}"
EndProject
Project("{FAE04EC0-301F-11D3-BF4B-00C04F79EFBC}") = "UnitConverter", "FormApps\UnitConverter\UnitConverter.csproj", "{F036D709-3EFC-408C-9D20-EB49D7581B84}"
EndProject
Project("{FAE04EC0-301F-11D3-BF4B-00C04F79EFBC}") = "StopWatch", "FormApps\StopWatch\StopWatch.csproj", "{54BE2BC2-4F7D-4620-B339-736A478DE12B}"
EndProject
Project("{2150E333-8FDC-42A3-9474-1A3956D46DE8}") = "売り上げ集計プログラム", "売り上げ集計プログラム", "{725E19A0-E4C6-41B7-8607-F71B27F12D41}"
EndProject
Project("{FAE04EC0-301F-11D3-BF4B-00C04F79EFBC}") = "SalesCalculator", "Chapter02\SalesCalculator\SalesCalculator.csproj", "{956DEFA2-7A7F-4640-ADC3-7E450DFA98F3}"
EndProject
Project("{FAE04EC0-301F-11D3-BF4B-00C04F79EFBC}") = "Exercise01", "Chapter02\演習問題\Exercise01\Exercise01.csproj", "{3A9431DA-8A20-4BBF-ACA5-AB0FBBFD7BA7}"
EndProject
Project("{2150E333-8FDC-42A3-9474-1A3956D46DE8}") = "Chapter03", "Chapter03", "{26A8F833-7B24-4786-89C3-26018B4EAA8C}"
EndProject
Project("{FAE04EC0-301F-11D3-BF4B-00C04F79EFBC}") = "Section01", "Chapter03\Section01\Section01.csproj", "{A727B4DB-A908-C542-FCF2-2C77B3E0412D}"
EndProject
Project("{2150E333-8FDC-42A3-9474-1A3956D46DE8}") = "演習問題", "演習問題", "{D9456C8E-AB56-43C9-B747-4EB9EFAC1B7D}"
EndProject
Project("{FAE04EC0-301F-11D3-BF4B-00C04F79EFBC}") = "Exercise02", "Chapter03\演習問題\Exercise02\Exercise02.csproj", "{CFD5D712-C0EC-43CE-AE3B-110DB148EF76}"
EndProject
Project("{FAE04EC0-301F-11D3-BF4B-00C04F79EFBC}") = "Exercise01", "Chapter03\演習問題\Exercise01\Exercise01.csproj", "{4BEF79A9-DF5E-456B-B2CC-80C9D04CD9D2}"
EndProject
Project("{2150E333-8FDC-42A3-9474-1A3956D46DE8}") = "Chapter04", "Chapter04", "{C4ECFEE8-3F48-4E8A-8047-7377C0B2CAFE}"
EndProject
Project("{FAE04EC0-301F-11D3-BF4B-00C04F79EFBC}") = "Section04", "Chpter04\Section04\Section04.csproj", "{36A8213E-6A2E-48E6-8CCB-A83A02965E12}"
EndProject
Project("{2150E333-8FDC-42A3-9474-1A3956D46DE8}") = "演習問題", "演習問題", "{D05D10D0-3BD1-4FBC-A2E3-7096CDD89DBB}"
EndProject
Project("{FAE04EC0-301F-11D3-BF4B-00C04F79EFBC}") = "Exercise01", "Chpter04\演習問題\Exercise01\Exercise01.csproj", "{B1DCB759-2F9E-4F27-A1AA-D9E4AC753137}"
EndProject
Project("{FAE04EC0-301F-11D3-BF4B-00C04F79EFBC}") = "Exercise02", "Chpter04\演習問題\Exercise02\Exercise02.csproj", "{6141B4C2-F0B2-400A-AC8C-80F770497606}"
EndProject
Project("{2150E333-8FDC-42A3-9474-1A3956D46DE8}") = "LINQ", "LINQ", "{937684D1-5D65-49D5-9725-5CE56F595CF6}"
EndProject
Project("{FAE04EC0-301F-11D3-BF4B-00C04F79EFBC}") = "LinqSample", "LINQ\LinqSample\LinqSample.csproj", "{D7717FD8-247C-4C72-AC65-F56D1B085B66}"
EndProject
Project("{2150E333-8FDC-42A3-9474-1A3956D46DE8}") = "Chapter05", "Chapter05", "{82B91F4B-08AB-4C81-BBE2-5C074777E032}"
EndProject
Project("{2150E333-8FDC-42A3-9474-1A3956D46DE8}") = "Chapter06", "Chapter06", "{1D344094-23FE-423C-9FC6-DA7FE1B74F77}"
EndProject
Project("{2150E333-8FDC-42A3-9474-1A3956D46DE8}") = "Chapter07", "Chapter07", "{2470DEB2-E56D-46B0-A6D3-E632B7D34F4A}"
EndProject
Project("{FAE04EC0-301F-11D3-BF4B-00C04F79EFBC}") = "Section01", "Chapter06\Section01\Section01.csproj", "{7B34514D-F55C-A5FE-D1EF-2AB834B91306}"
EndProject
Project("{FAE04EC0-301F-11D3-BF4B-00C04F79EFBC}") = "Section03", "Chapter06\Section03\Section03.csproj", "{9D888F9E-F1E9-D817-9103-5037E34D9814}"
EndProject
Project("{FAE04EC0-301F-11D3-BF4B-00C04F79EFBC}") = "Section01", "Chapter07\Section01\Section01.csproj", "{0717848E-9225-C8BC-F14E-D10D7B727278}"
EndProject
Project("{FAE04EC0-301F-11D3-BF4B-00C04F79EFBC}") = "Section05", "Chapter07\Section05\Section05.csproj", "{2A02DB32-9653-585F-521E-0F3C94586426}"
EndProject
Project("{FAE04EC0-301F-11D3-BF4B-00C04F79EFBC}") = "Section02", "Chapter05\Section02\Section02.csproj", "{CA591E4B-9272-4CE0-BDBC-263697B9452C}"
EndProject
Project("{2150E333-8FDC-42A3-9474-1A3956D46DE8}") = "演習問題", "演習問題", "{179A08EF-434E-4386-A9AF-58B9354E53A1}"
EndProject
Project("{FAE04EC0-301F-11D3-BF4B-00C04F79EFBC}") = "Exercise01", "Chapter05\演習問題\Exercise01\Exercise01.csproj", "{C4DF5A69-8995-402F-8318-65A1C5775A75}"
EndProject
Project("{FAE04EC0-301F-11D3-BF4B-00C04F79EFBC}") = "Exercise02", "Chapter05\演習問題\Exercise02\Exercise02\Exercise02.csproj", "{77C8DA8F-8501-4309-8064-505A83FDFA7E}"
EndProject
Project("{2150E333-8FDC-42A3-9474-1A3956D46DE8}") = "Chapter08", "Chapter08", "{AECDAAF4-B4EB-44E9-98AE-5F5CDAB9B4B0}"
EndProject
Project("{2150E333-8FDC-42A3-9474-1A3956D46DE8}") = "演習問題", "演習問題", "{0D1338B1-EA23-431F-919D-F594A15F66F4}"
EndProject
Project("{FAE04EC0-301F-11D3-BF4B-00C04F79EFBC}") = "Exercise01", "Chapter08\演習問題\Exercise01\Exercise01.csproj", "{876FADFA-38BA-4729-ABC5-9166734A21EA}"
EndProject
Project("{FAE04EC0-301F-11D3-BF4B-00C04F79EFBC}") = "PrefCapitalLocationSystem", "Chapter08\PrefCapitalLocationSystem\PrefCapitalLocationSystem.csproj", "{BA3B5C5E-D6A4-39ED-6760-036CDB62E249}"
EndProject
Project("{FAE04EC0-301F-11D3-BF4B-00C04F79EFBC}") = "Section03", "Chapter08\Section03\Section03.csproj", "{3F87592F-B3F2-47CD-ABA9-CB9FDB026FA9}"
EndProject
Project("{FAE04EC0-301F-11D3-BF4B-00C04F79EFBC}") = "Exercise02", "Chapter08\演習問題\Exercise02\Exercise02.csproj", "{E7F8118E-A450-4422-AC86-5D5F0C08BAF3}"
EndProject
Project("{2150E333-8FDC-42A3-9474-1A3956D46DE8}") = "Test01", "Test01", "{17EAFA61-467A-4C39-86FE-3036E625A429}"
EndProject
Project("{FAE04EC0-301F-11D3-BF4B-00C04F79EFBC}") = "Test01", "Test01\Test01\Test01.csproj", "{6EF7678A-A725-F430-3097-30F090C0100A}"
EndProject
Project("{FAE04EC0-301F-11D3-BF4B-00C04F79EFBC}") = "Test02", "Test01\Test02\Test02.csproj", "{010D0C11-D6A2-3CA6-3281-4E0FD547EC2D}"
EndProject
Project("{2150E333-8FDC-42A3-9474-1A3956D46DE8}") = "Chapter09", "Chapter09", "{61FF73C3-094B-49D5-A013-1C5EE8852C8E}"
EndProject
Project("{FAE04EC0-301F-11D3-BF4B-00C04F79EFBC}") = "Section01", "Chpter09\Section01\Section01.csproj", "{720FC7DC-C9DB-4E02-52A5-277BCD545853}"
EndProject
Project("{2150E333-8FDC-42A3-9474-1A3956D46DE8}") = "演習問題", "演習問題", "{4BDD005E-C076-4C2D-940B-1A0E4C7FD0FE}"
EndProject
Project("{FAE04EC0-301F-11D3-BF4B-00C04F79EFBC}") = "Exercise01", "Chpter09\演習問題\Exercise01\Exercise01.csproj", "{B9340E67-82AD-4E3F-9FF0-02521C56368A}"
EndProject
Project("{FAE04EC0-301F-11D3-BF4B-00C04F79EFBC}") = "Exercise02", "Chpter09\演習問題\Exercise02\Exercise02.csproj", "{268A9A69-2596-4129-308A-703672B0FCAC}"
EndProject
Project("{FAE04EC0-301F-11D3-BF4B-00C04F79EFBC}") = "Exercise03", "Chpter09\演習問題\Exercise03\Exercise03.csproj", "{EE44298D-E64F-FF01-3AA7-24408C6432A0}"
EndProject
Project("{FAE04EC0-301F-11D3-BF4B-00C04F79EFBC}") = "CarReportSystem", "FormApps\CarReportSystem\CarReportSystem.csproj", "{0B48C449-0B35-182D-2B8C-BFE6C8DF0359}"
EndProject
Project("{2150E333-8FDC-42A3-9474-1A3956D46DE8}") = "Chapter12", "Chapter12", "{3962DE93-CE93-4BB8-8AD8-4D3BD7E7C383}"
EndProject
Project("{FAE04EC0-301F-11D3-BF4B-00C04F79EFBC}") = "Section01", "Chapter12\Section01\Section01.csproj", "{4109F16C-CC0F-746C-BB8C-6083813C958C}"
EndProject
Project("{FAE04EC0-301F-11D3-BF4B-00C04F79EFBC}") = "Exercise01", "Chapter12\演習問題\Exercise01\Exercise01.csproj", "{6C5C8E11-5C4E-7216-5310-F8D4870D4E3D}"
EndProject
Project("{FAE04EC0-301F-11D3-BF4B-00C04F79EFBC}") = "Exercise02", "Chapter12\演習問題\Exercise02\Exercise02.csproj", "{F01C3B69-9D05-4BEF-26EB-57BAD926097B}"
EndProject
Project("{FAE04EC0-301F-11D3-BF4B-00C04F79EFBC}") = "Exercise03", "Chapter12\演習問題\Exercise03\Exercise03.csproj", "{414DFFD5-4A0F-DD91-933A-D9585859A325}"
EndProject
Project("{FAE04EC0-301F-11D3-BF4B-00C04F79EFBC}") = "RssReader", "FormApps\RssReader\RssReader.csproj", "{EFE3AE12-BADB-4F4A-AA5E-93FBCD304E07}"
EndProject
Project("{2150E333-8FDC-42A3-9474-1A3956D46DE8}") = "Chapter11", "Chapter11", "{304C2934-D4A6-412A-9527-F2825D53C4DD}"
EndProject
Project("{FAE04EC0-301F-11D3-BF4B-00C04F79EFBC}") = "Section02", "Chapter11\Section02\Section02.csproj", "{9886782B-71D9-4D6F-8A08-1EA063957D0B}"
EndProject
Project("{2150E333-8FDC-42A3-9474-1A3956D46DE8}") = "演習問題", "演習問題", "{5CBCE0CA-1E9A-4DD1-BD25-4BCE09EE135D}"
EndProject
Project("{FAE04EC0-301F-11D3-BF4B-00C04F79EFBC}") = "Exercise01", "Chapter11\演習問題\Exercise01\Exercise01.csproj", "{FF5242D5-5B68-4271-9C66-7CC21B815776}"
EndProject
Project("{FAE04EC0-301F-11D3-BF4B-00C04F79EFBC}") = "Exercise02", "Chapter11\演習問題\Exercise02\Exercise02.csproj", "{2A7E9722-DF2D-4C9A-A3BA-C0EFFC7FDA15}"
EndProject
Project("{FAE04EC0-301F-11D3-BF4B-00C04F79EFBC}") = "Section03", "Chapter11\Section03\Section03\Section03.csproj", "{E71AB7CA-ECC2-47F9-AC4B-0E7DF84B5F69}"
EndProject
Project("{FAE04EC0-301F-11D3-BF4B-00C04F79EFBC}") = "Exercise03", "Chapter11\演習問題\Exercise03\Exercise03\Exercise03.csproj", "{D2C47089-6CD3-456D-BE9D-4A9E8C682F51}"
EndProject
Project("{FAE04EC0-301F-11D3-BF4B-00C04F79EFBC}") = "Section04", "Chapter11\Section04\Section04\Section04.csproj", "{95146C27-016C-4071-876D-7E00DCB6C2A4}"
EndProject
Project("{FAE04EC0-301F-11D3-BF4B-00C04F79EFBC}") = "Exercise04", "Chapter11\演習問題\Exercise04\Exercise04\Exercise04.csproj", "{F1449E34-262F-481F-972D-62F31FAF2E91}"
EndProject
Project("{FAE04EC0-301F-11D3-BF4B-00C04F79EFBC}") = "Exercise05", "Exercise05\Exercise05.csproj", "{EAFCA9BB-7E1B-4004-88DB-C77C77EFB303}"
EndProject
Project("{2150E333-8FDC-42A3-9474-1A3956D46DE8}") = "WPF", "WPF", "{010C094C-4077-41B9-AF2F-35082B567BC1}"
EndProject
Project("{FAE04EC0-301F-11D3-BF4B-00C04F79EFBC}") = "SampleApplication", "WPF\SampleApplication\SampleApplication.csproj", "{82BA1160-69E7-4A62-A534-14F9E3EAFA04}"
EndProject
Project("{FAE04EC0-301F-11D3-BF4B-00C04F79EFBC}") = "ColorChecker", "WPF\ColorChecker\ColorChecker.csproj", "{798A7F82-7B0C-4F2D-959F-FD8C025088C7}"
EndProject
Project("{FAE04EC0-301F-11D3-BF4B-00C04F79EFBC}") = "ConverterApp", "WPF\ConverterApp\ConverterApp.csproj", "{B6C1967C-6B49-4482-A7EB-A0A2D93D9ADE}"
EndProject
Project("{FAE04EC0-301F-11D3-BF4B-00C04F79EFBC}") = "HelloWorld", "WPF\HelloWorld\HelloWorld.csproj", "{F20ABA99-358A-4DB7-9A11-DB3087F95C00}"
EndProject
Project("{FAE04EC0-301F-11D3-BF4B-00C04F79EFBC}") = "PrismObservesSample", "WPF\PrismObservesSample\PrismObservesSample.csproj", "{9D016A4C-F808-442E-933B-75BA4F02156A}"
EndProject
Project("{FAE04EC0-301F-11D3-BF4B-00C04F79EFBC}") = "SampleUnitConverter", "WPF\SampleUnitConverter\SampleUnitConverter.csproj", "{E535824B-BD48-5070-4B89-BAF47499D3B8}"
EndProject
Project("{2150E333-8FDC-42A3-9474-1A3956D46DE8}") = "SQLite", "SQLite", "{A4DC0713-1326-46B6-95F8-BC8BC98BDCA5}"
EndProject
Project("{FAE04EC0-301F-11D3-BF4B-00C04F79EFBC}") = "Sample", "SQLite\Sample\Sample.csproj", "{91A507CE-7265-472E-81C6-9F9EA32465FF}"
EndProject
Project("{FAE04EC0-301F-11D3-BF4B-00C04F79EFBC}") = "CustomerApp", "SQLite\CustomerApp\CustomerApp\CustomerApp.csproj", "{2697A432-A88B-4737-A0EF-2B3CC4695AD8}"
EndProject
Project("{2150E333-8FDC-42A3-9474-1A3956D46DE8}") = "Chapter13", "Chapter13", "{609987A5-6893-4E55-8D2C-A6B7F7F0E6F3}"
EndProject
Project("{2150E333-8FDC-42A3-9474-1A3956D46DE8}") = "演習問題", "演習問題", "{CD850502-C71C-4A6C-9CBA-651A9E6593E3}"
EndProject
Project("{FAE04EC0-301F-11D3-BF4B-00C04F79EFBC}") = "Exercise01", "Chapter13\演習問題\Exercise01\Exercise01.csproj", "{C3ADBCE2-E467-4C33-B093-482C048EFDDF}"
EndProject
Project("{FAE04EC0-301F-11D3-BF4B-00C04F79EFBC}") = "Section01", "Chapter13\Section01\Section01.csproj", "{9569092F-4418-7D00-ED42-765FE98B80B4}"
EndProject
Project("{2150E333-8FDC-42A3-9474-1A3956D46DE8}") = "Chapter14", "Chapter14", "{07010B4B-05B3-4ED9-9AF7-5281CD1EB1AD}"
EndProject
Project("{FAE04EC0-301F-11D3-BF4B-00C04F79EFBC}") = "Section03", "Chapter14\Section03\Section03.csproj", "{989F4A74-8117-41D1-B3AD-81BB6BC01053}"
EndProject
Project("{2150E333-8FDC-42A3-9474-1A3956D46DE8}") = "演習問題", "演習問題", "{9F27EDFD-D55B-4535-A96B-F5D3ABCC1390}"
EndProject
Project("{FAE04EC0-301F-11D3-BF4B-00C04F79EFBC}") = "Exercise01_FormApp", "Chapter14\演習問題\Exercise01_FormApp\Exercise01_FormApp.csproj", "{C746E535-7AC9-4368-B4E8-463A43B8F538}"
EndProject
Project("{FAE04EC0-301F-11D3-BF4B-00C04F79EFBC}") = "Section04", "Chapter14\Section04\Section04.csproj", "{25BB7F1F-2F69-4106-8422-5EC420FCED22}"
EndProject
Project("{FAE04EC0-301F-11D3-BF4B-00C04F79EFBC}") = "WebBrowser", "Chapter14\WebBrowser\WebBrowser.csproj", "{E3C2D325-A647-43F7-8323-9BB998BC69C4}"
EndProject
Project("{FAE04EC0-301F-11D3-BF4B-00C04F79EFBC}") = "Section05", "Chapter14\Section05\Section05.csproj", "{A5723663-8E5D-42FC-9C5E-67D12E1BF119}"
EndProject
Project("{2150E333-8FDC-42A3-9474-1A3956D46DE8}") = "Chapter10", "Chapter10", "{39829D15-BA81-4F66-8AB4-E2A3800DAE9E}"
EndProject
Project("{2150E333-8FDC-42A3-9474-1A3956D46DE8}") = "演習問題", "演習問題", "{BC4856B2-053D-4840-8ABB-537762789C89}"
EndProject
Project("{FAE04EC0-301F-11D3-BF4B-00C04F79EFBC}") = "CountClass", "Chapter10\演習問題\CountClass\CountClass.csproj", "{9A5D887D-1FD2-4E11-9D36-F6A1E411C74D}"
EndProject
Project("{FAE04EC0-301F-11D3-BF4B-00C04F79EFBC}") = "Exercise02", "Chapter10\演習問題\Exercise02\Exercise02.csproj", "{CE30565F-6F98-4746-8E31-25BA1AF7B24A}"
EndProject
Project("{FAE04EC0-301F-11D3-BF4B-00C04F79EFBC}") = "Exercise03", "Chapter10\演習問題\Exercise03\Exercise03\Exercise03.csproj", "{AEA76CDF-1D3A-440D-8A89-3B82CCB2D7B6}"
EndProject
Project("{2150E333-8FDC-42A3-9474-1A3956D46DE8}") = "Chpater15", "Chpater15", "{40F0AAB3-5282-4650-8FAA-4032B40D175E}"
EndProject
Project("{FAE04EC0-301F-11D3-BF4B-00C04F79EFBC}") = "Section01", "Chapter15\Section01\Section01.csproj", "{FF855FF8-F1B2-4E7C-A2F1-2A76D4633012}"
EndProject
Project("{2150E333-8FDC-42A3-9474-1A3956D46DE8}") = "TemplateMethod", "TemplateMethod", "{F289354E-52AD-480A-A41E-20B6ECC2AAA4}"
EndProject
Project("{FAE04EC0-301F-11D3-BF4B-00C04F79EFBC}") = "TextFileProcessor", "Chapter15\TemplateMethod\TextFileProcessor\TextFileProcessor.csproj", "{2ED2C483-D10F-4049-B19B-42F378E60B59}"
EndProject
Global
	GlobalSection(SolutionConfigurationPlatforms) = preSolution
		Debug|Any CPU = Debug|Any CPU
		Release|Any CPU = Release|Any CPU
	EndGlobalSection
	GlobalSection(ProjectConfigurationPlatforms) = postSolution
		{F125B557-CBBF-41FE-9086-D04A4F3939F8}.Debug|Any CPU.ActiveCfg = Debug|Any CPU
		{F125B557-CBBF-41FE-9086-D04A4F3939F8}.Debug|Any CPU.Build.0 = Debug|Any CPU
		{F125B557-CBBF-41FE-9086-D04A4F3939F8}.Release|Any CPU.ActiveCfg = Release|Any CPU
		{F125B557-CBBF-41FE-9086-D04A4F3939F8}.Release|Any CPU.Build.0 = Release|Any CPU
		{CB73CF70-072B-4649-81D0-7795684D6FF3}.Debug|Any CPU.ActiveCfg = Debug|Any CPU
		{CB73CF70-072B-4649-81D0-7795684D6FF3}.Debug|Any CPU.Build.0 = Debug|Any CPU
		{CB73CF70-072B-4649-81D0-7795684D6FF3}.Release|Any CPU.ActiveCfg = Release|Any CPU
		{CB73CF70-072B-4649-81D0-7795684D6FF3}.Release|Any CPU.Build.0 = Release|Any CPU
		{E8466C88-4AF8-4BFC-9910-A1C99DA61626}.Debug|Any CPU.ActiveCfg = Debug|Any CPU
		{E8466C88-4AF8-4BFC-9910-A1C99DA61626}.Debug|Any CPU.Build.0 = Debug|Any CPU
		{E8466C88-4AF8-4BFC-9910-A1C99DA61626}.Release|Any CPU.ActiveCfg = Release|Any CPU
		{E8466C88-4AF8-4BFC-9910-A1C99DA61626}.Release|Any CPU.Build.0 = Release|Any CPU
		{F036D709-3EFC-408C-9D20-EB49D7581B84}.Debug|Any CPU.ActiveCfg = Debug|Any CPU
		{F036D709-3EFC-408C-9D20-EB49D7581B84}.Debug|Any CPU.Build.0 = Debug|Any CPU
		{F036D709-3EFC-408C-9D20-EB49D7581B84}.Release|Any CPU.ActiveCfg = Release|Any CPU
		{F036D709-3EFC-408C-9D20-EB49D7581B84}.Release|Any CPU.Build.0 = Release|Any CPU
		{54BE2BC2-4F7D-4620-B339-736A478DE12B}.Debug|Any CPU.ActiveCfg = Debug|Any CPU
		{54BE2BC2-4F7D-4620-B339-736A478DE12B}.Debug|Any CPU.Build.0 = Debug|Any CPU
		{54BE2BC2-4F7D-4620-B339-736A478DE12B}.Release|Any CPU.ActiveCfg = Release|Any CPU
		{54BE2BC2-4F7D-4620-B339-736A478DE12B}.Release|Any CPU.Build.0 = Release|Any CPU
		{956DEFA2-7A7F-4640-ADC3-7E450DFA98F3}.Debug|Any CPU.ActiveCfg = Debug|Any CPU
		{956DEFA2-7A7F-4640-ADC3-7E450DFA98F3}.Debug|Any CPU.Build.0 = Debug|Any CPU
		{956DEFA2-7A7F-4640-ADC3-7E450DFA98F3}.Release|Any CPU.ActiveCfg = Release|Any CPU
		{956DEFA2-7A7F-4640-ADC3-7E450DFA98F3}.Release|Any CPU.Build.0 = Release|Any CPU
		{3A9431DA-8A20-4BBF-ACA5-AB0FBBFD7BA7}.Debug|Any CPU.ActiveCfg = Debug|Any CPU
		{3A9431DA-8A20-4BBF-ACA5-AB0FBBFD7BA7}.Debug|Any CPU.Build.0 = Debug|Any CPU
		{3A9431DA-8A20-4BBF-ACA5-AB0FBBFD7BA7}.Release|Any CPU.ActiveCfg = Release|Any CPU
		{3A9431DA-8A20-4BBF-ACA5-AB0FBBFD7BA7}.Release|Any CPU.Build.0 = Release|Any CPU
		{A727B4DB-A908-C542-FCF2-2C77B3E0412D}.Debug|Any CPU.ActiveCfg = Debug|Any CPU
		{A727B4DB-A908-C542-FCF2-2C77B3E0412D}.Debug|Any CPU.Build.0 = Debug|Any CPU
		{A727B4DB-A908-C542-FCF2-2C77B3E0412D}.Release|Any CPU.ActiveCfg = Release|Any CPU
		{A727B4DB-A908-C542-FCF2-2C77B3E0412D}.Release|Any CPU.Build.0 = Release|Any CPU
		{CFD5D712-C0EC-43CE-AE3B-110DB148EF76}.Debug|Any CPU.ActiveCfg = Debug|Any CPU
		{CFD5D712-C0EC-43CE-AE3B-110DB148EF76}.Debug|Any CPU.Build.0 = Debug|Any CPU
		{CFD5D712-C0EC-43CE-AE3B-110DB148EF76}.Release|Any CPU.ActiveCfg = Release|Any CPU
		{CFD5D712-C0EC-43CE-AE3B-110DB148EF76}.Release|Any CPU.Build.0 = Release|Any CPU
		{4BEF79A9-DF5E-456B-B2CC-80C9D04CD9D2}.Debug|Any CPU.ActiveCfg = Debug|Any CPU
		{4BEF79A9-DF5E-456B-B2CC-80C9D04CD9D2}.Debug|Any CPU.Build.0 = Debug|Any CPU
		{4BEF79A9-DF5E-456B-B2CC-80C9D04CD9D2}.Release|Any CPU.ActiveCfg = Release|Any CPU
		{4BEF79A9-DF5E-456B-B2CC-80C9D04CD9D2}.Release|Any CPU.Build.0 = Release|Any CPU
		{36A8213E-6A2E-48E6-8CCB-A83A02965E12}.Debug|Any CPU.ActiveCfg = Debug|Any CPU
		{36A8213E-6A2E-48E6-8CCB-A83A02965E12}.Debug|Any CPU.Build.0 = Debug|Any CPU
		{36A8213E-6A2E-48E6-8CCB-A83A02965E12}.Release|Any CPU.ActiveCfg = Release|Any CPU
		{36A8213E-6A2E-48E6-8CCB-A83A02965E12}.Release|Any CPU.Build.0 = Release|Any CPU
		{B1DCB759-2F9E-4F27-A1AA-D9E4AC753137}.Debug|Any CPU.ActiveCfg = Debug|Any CPU
		{B1DCB759-2F9E-4F27-A1AA-D9E4AC753137}.Debug|Any CPU.Build.0 = Debug|Any CPU
		{B1DCB759-2F9E-4F27-A1AA-D9E4AC753137}.Release|Any CPU.ActiveCfg = Release|Any CPU
		{B1DCB759-2F9E-4F27-A1AA-D9E4AC753137}.Release|Any CPU.Build.0 = Release|Any CPU
		{6141B4C2-F0B2-400A-AC8C-80F770497606}.Debug|Any CPU.ActiveCfg = Debug|Any CPU
		{6141B4C2-F0B2-400A-AC8C-80F770497606}.Debug|Any CPU.Build.0 = Debug|Any CPU
		{6141B4C2-F0B2-400A-AC8C-80F770497606}.Release|Any CPU.ActiveCfg = Release|Any CPU
		{6141B4C2-F0B2-400A-AC8C-80F770497606}.Release|Any CPU.Build.0 = Release|Any CPU
		{D7717FD8-247C-4C72-AC65-F56D1B085B66}.Debug|Any CPU.ActiveCfg = Debug|Any CPU
		{D7717FD8-247C-4C72-AC65-F56D1B085B66}.Debug|Any CPU.Build.0 = Debug|Any CPU
		{D7717FD8-247C-4C72-AC65-F56D1B085B66}.Release|Any CPU.ActiveCfg = Release|Any CPU
		{D7717FD8-247C-4C72-AC65-F56D1B085B66}.Release|Any CPU.Build.0 = Release|Any CPU
		{7B34514D-F55C-A5FE-D1EF-2AB834B91306}.Debug|Any CPU.ActiveCfg = Debug|Any CPU
		{7B34514D-F55C-A5FE-D1EF-2AB834B91306}.Debug|Any CPU.Build.0 = Debug|Any CPU
		{7B34514D-F55C-A5FE-D1EF-2AB834B91306}.Release|Any CPU.ActiveCfg = Release|Any CPU
		{7B34514D-F55C-A5FE-D1EF-2AB834B91306}.Release|Any CPU.Build.0 = Release|Any CPU
		{9D888F9E-F1E9-D817-9103-5037E34D9814}.Debug|Any CPU.ActiveCfg = Debug|Any CPU
		{9D888F9E-F1E9-D817-9103-5037E34D9814}.Debug|Any CPU.Build.0 = Debug|Any CPU
		{9D888F9E-F1E9-D817-9103-5037E34D9814}.Release|Any CPU.ActiveCfg = Release|Any CPU
		{9D888F9E-F1E9-D817-9103-5037E34D9814}.Release|Any CPU.Build.0 = Release|Any CPU
		{0717848E-9225-C8BC-F14E-D10D7B727278}.Debug|Any CPU.ActiveCfg = Debug|Any CPU
		{0717848E-9225-C8BC-F14E-D10D7B727278}.Debug|Any CPU.Build.0 = Debug|Any CPU
		{0717848E-9225-C8BC-F14E-D10D7B727278}.Release|Any CPU.ActiveCfg = Release|Any CPU
		{0717848E-9225-C8BC-F14E-D10D7B727278}.Release|Any CPU.Build.0 = Release|Any CPU
		{2A02DB32-9653-585F-521E-0F3C94586426}.Debug|Any CPU.ActiveCfg = Debug|Any CPU
		{2A02DB32-9653-585F-521E-0F3C94586426}.Debug|Any CPU.Build.0 = Debug|Any CPU
		{2A02DB32-9653-585F-521E-0F3C94586426}.Release|Any CPU.ActiveCfg = Release|Any CPU
		{2A02DB32-9653-585F-521E-0F3C94586426}.Release|Any CPU.Build.0 = Release|Any CPU
		{CA591E4B-9272-4CE0-BDBC-263697B9452C}.Debug|Any CPU.ActiveCfg = Debug|Any CPU
		{CA591E4B-9272-4CE0-BDBC-263697B9452C}.Debug|Any CPU.Build.0 = Debug|Any CPU
		{CA591E4B-9272-4CE0-BDBC-263697B9452C}.Release|Any CPU.ActiveCfg = Release|Any CPU
		{CA591E4B-9272-4CE0-BDBC-263697B9452C}.Release|Any CPU.Build.0 = Release|Any CPU
		{C4DF5A69-8995-402F-8318-65A1C5775A75}.Debug|Any CPU.ActiveCfg = Debug|Any CPU
		{C4DF5A69-8995-402F-8318-65A1C5775A75}.Debug|Any CPU.Build.0 = Debug|Any CPU
		{C4DF5A69-8995-402F-8318-65A1C5775A75}.Release|Any CPU.ActiveCfg = Release|Any CPU
		{C4DF5A69-8995-402F-8318-65A1C5775A75}.Release|Any CPU.Build.0 = Release|Any CPU
		{77C8DA8F-8501-4309-8064-505A83FDFA7E}.Debug|Any CPU.ActiveCfg = Debug|Any CPU
		{77C8DA8F-8501-4309-8064-505A83FDFA7E}.Debug|Any CPU.Build.0 = Debug|Any CPU
		{77C8DA8F-8501-4309-8064-505A83FDFA7E}.Release|Any CPU.ActiveCfg = Release|Any CPU
		{77C8DA8F-8501-4309-8064-505A83FDFA7E}.Release|Any CPU.Build.0 = Release|Any CPU
		{876FADFA-38BA-4729-ABC5-9166734A21EA}.Debug|Any CPU.ActiveCfg = Debug|Any CPU
		{876FADFA-38BA-4729-ABC5-9166734A21EA}.Debug|Any CPU.Build.0 = Debug|Any CPU
		{876FADFA-38BA-4729-ABC5-9166734A21EA}.Release|Any CPU.ActiveCfg = Release|Any CPU
		{876FADFA-38BA-4729-ABC5-9166734A21EA}.Release|Any CPU.Build.0 = Release|Any CPU
		{BA3B5C5E-D6A4-39ED-6760-036CDB62E249}.Debug|Any CPU.ActiveCfg = Debug|Any CPU
		{BA3B5C5E-D6A4-39ED-6760-036CDB62E249}.Debug|Any CPU.Build.0 = Debug|Any CPU
		{BA3B5C5E-D6A4-39ED-6760-036CDB62E249}.Release|Any CPU.ActiveCfg = Release|Any CPU
		{BA3B5C5E-D6A4-39ED-6760-036CDB62E249}.Release|Any CPU.Build.0 = Release|Any CPU
		{3F87592F-B3F2-47CD-ABA9-CB9FDB026FA9}.Debug|Any CPU.ActiveCfg = Debug|Any CPU
		{3F87592F-B3F2-47CD-ABA9-CB9FDB026FA9}.Debug|Any CPU.Build.0 = Debug|Any CPU
		{3F87592F-B3F2-47CD-ABA9-CB9FDB026FA9}.Release|Any CPU.ActiveCfg = Release|Any CPU
		{3F87592F-B3F2-47CD-ABA9-CB9FDB026FA9}.Release|Any CPU.Build.0 = Release|Any CPU
		{E7F8118E-A450-4422-AC86-5D5F0C08BAF3}.Debug|Any CPU.ActiveCfg = Debug|Any CPU
		{E7F8118E-A450-4422-AC86-5D5F0C08BAF3}.Debug|Any CPU.Build.0 = Debug|Any CPU
		{E7F8118E-A450-4422-AC86-5D5F0C08BAF3}.Release|Any CPU.ActiveCfg = Release|Any CPU
		{E7F8118E-A450-4422-AC86-5D5F0C08BAF3}.Release|Any CPU.Build.0 = Release|Any CPU
		{6EF7678A-A725-F430-3097-30F090C0100A}.Debug|Any CPU.ActiveCfg = Debug|Any CPU
		{6EF7678A-A725-F430-3097-30F090C0100A}.Debug|Any CPU.Build.0 = Debug|Any CPU
		{6EF7678A-A725-F430-3097-30F090C0100A}.Release|Any CPU.ActiveCfg = Release|Any CPU
		{6EF7678A-A725-F430-3097-30F090C0100A}.Release|Any CPU.Build.0 = Release|Any CPU
		{010D0C11-D6A2-3CA6-3281-4E0FD547EC2D}.Debug|Any CPU.ActiveCfg = Debug|Any CPU
		{010D0C11-D6A2-3CA6-3281-4E0FD547EC2D}.Debug|Any CPU.Build.0 = Debug|Any CPU
		{010D0C11-D6A2-3CA6-3281-4E0FD547EC2D}.Release|Any CPU.ActiveCfg = Release|Any CPU
		{010D0C11-D6A2-3CA6-3281-4E0FD547EC2D}.Release|Any CPU.Build.0 = Release|Any CPU
		{720FC7DC-C9DB-4E02-52A5-277BCD545853}.Debug|Any CPU.ActiveCfg = Debug|Any CPU
		{720FC7DC-C9DB-4E02-52A5-277BCD545853}.Debug|Any CPU.Build.0 = Debug|Any CPU
		{720FC7DC-C9DB-4E02-52A5-277BCD545853}.Release|Any CPU.ActiveCfg = Release|Any CPU
		{720FC7DC-C9DB-4E02-52A5-277BCD545853}.Release|Any CPU.Build.0 = Release|Any CPU
		{B9340E67-82AD-4E3F-9FF0-02521C56368A}.Debug|Any CPU.ActiveCfg = Debug|Any CPU
		{B9340E67-82AD-4E3F-9FF0-02521C56368A}.Debug|Any CPU.Build.0 = Debug|Any CPU
		{B9340E67-82AD-4E3F-9FF0-02521C56368A}.Release|Any CPU.ActiveCfg = Release|Any CPU
		{B9340E67-82AD-4E3F-9FF0-02521C56368A}.Release|Any CPU.Build.0 = Release|Any CPU
		{268A9A69-2596-4129-308A-703672B0FCAC}.Debug|Any CPU.ActiveCfg = Debug|Any CPU
		{268A9A69-2596-4129-308A-703672B0FCAC}.Debug|Any CPU.Build.0 = Debug|Any CPU
		{268A9A69-2596-4129-308A-703672B0FCAC}.Release|Any CPU.ActiveCfg = Release|Any CPU
		{268A9A69-2596-4129-308A-703672B0FCAC}.Release|Any CPU.Build.0 = Release|Any CPU
		{EE44298D-E64F-FF01-3AA7-24408C6432A0}.Debug|Any CPU.ActiveCfg = Debug|Any CPU
		{EE44298D-E64F-FF01-3AA7-24408C6432A0}.Debug|Any CPU.Build.0 = Debug|Any CPU
		{EE44298D-E64F-FF01-3AA7-24408C6432A0}.Release|Any CPU.ActiveCfg = Release|Any CPU
		{EE44298D-E64F-FF01-3AA7-24408C6432A0}.Release|Any CPU.Build.0 = Release|Any CPU
		{0B48C449-0B35-182D-2B8C-BFE6C8DF0359}.Debug|Any CPU.ActiveCfg = Debug|Any CPU
		{0B48C449-0B35-182D-2B8C-BFE6C8DF0359}.Debug|Any CPU.Build.0 = Debug|Any CPU
		{0B48C449-0B35-182D-2B8C-BFE6C8DF0359}.Release|Any CPU.ActiveCfg = Release|Any CPU
		{0B48C449-0B35-182D-2B8C-BFE6C8DF0359}.Release|Any CPU.Build.0 = Release|Any CPU
		{4109F16C-CC0F-746C-BB8C-6083813C958C}.Debug|Any CPU.ActiveCfg = Debug|Any CPU
		{4109F16C-CC0F-746C-BB8C-6083813C958C}.Debug|Any CPU.Build.0 = Debug|Any CPU
		{4109F16C-CC0F-746C-BB8C-6083813C958C}.Release|Any CPU.ActiveCfg = Release|Any CPU
		{4109F16C-CC0F-746C-BB8C-6083813C958C}.Release|Any CPU.Build.0 = Release|Any CPU
		{6C5C8E11-5C4E-7216-5310-F8D4870D4E3D}.Debug|Any CPU.ActiveCfg = Debug|Any CPU
		{6C5C8E11-5C4E-7216-5310-F8D4870D4E3D}.Debug|Any CPU.Build.0 = Debug|Any CPU
		{6C5C8E11-5C4E-7216-5310-F8D4870D4E3D}.Release|Any CPU.ActiveCfg = Release|Any CPU
		{6C5C8E11-5C4E-7216-5310-F8D4870D4E3D}.Release|Any CPU.Build.0 = Release|Any CPU
		{F01C3B69-9D05-4BEF-26EB-57BAD926097B}.Debug|Any CPU.ActiveCfg = Debug|Any CPU
		{F01C3B69-9D05-4BEF-26EB-57BAD926097B}.Debug|Any CPU.Build.0 = Debug|Any CPU
		{F01C3B69-9D05-4BEF-26EB-57BAD926097B}.Release|Any CPU.ActiveCfg = Release|Any CPU
		{F01C3B69-9D05-4BEF-26EB-57BAD926097B}.Release|Any CPU.Build.0 = Release|Any CPU
		{414DFFD5-4A0F-DD91-933A-D9585859A325}.Debug|Any CPU.ActiveCfg = Debug|Any CPU
		{414DFFD5-4A0F-DD91-933A-D9585859A325}.Debug|Any CPU.Build.0 = Debug|Any CPU
		{414DFFD5-4A0F-DD91-933A-D9585859A325}.Release|Any CPU.ActiveCfg = Release|Any CPU
		{414DFFD5-4A0F-DD91-933A-D9585859A325}.Release|Any CPU.Build.0 = Release|Any CPU
		{EFE3AE12-BADB-4F4A-AA5E-93FBCD304E07}.Debug|Any CPU.ActiveCfg = Debug|Any CPU
		{EFE3AE12-BADB-4F4A-AA5E-93FBCD304E07}.Debug|Any CPU.Build.0 = Debug|Any CPU
		{EFE3AE12-BADB-4F4A-AA5E-93FBCD304E07}.Release|Any CPU.ActiveCfg = Release|Any CPU
		{EFE3AE12-BADB-4F4A-AA5E-93FBCD304E07}.Release|Any CPU.Build.0 = Release|Any CPU
		{9886782B-71D9-4D6F-8A08-1EA063957D0B}.Debug|Any CPU.ActiveCfg = Debug|Any CPU
		{9886782B-71D9-4D6F-8A08-1EA063957D0B}.Debug|Any CPU.Build.0 = Debug|Any CPU
		{9886782B-71D9-4D6F-8A08-1EA063957D0B}.Release|Any CPU.ActiveCfg = Release|Any CPU
		{9886782B-71D9-4D6F-8A08-1EA063957D0B}.Release|Any CPU.Build.0 = Release|Any CPU
		{FF5242D5-5B68-4271-9C66-7CC21B815776}.Debug|Any CPU.ActiveCfg = Debug|Any CPU
		{FF5242D5-5B68-4271-9C66-7CC21B815776}.Debug|Any CPU.Build.0 = Debug|Any CPU
		{FF5242D5-5B68-4271-9C66-7CC21B815776}.Release|Any CPU.ActiveCfg = Release|Any CPU
		{FF5242D5-5B68-4271-9C66-7CC21B815776}.Release|Any CPU.Build.0 = Release|Any CPU
		{2A7E9722-DF2D-4C9A-A3BA-C0EFFC7FDA15}.Debug|Any CPU.ActiveCfg = Debug|Any CPU
		{2A7E9722-DF2D-4C9A-A3BA-C0EFFC7FDA15}.Debug|Any CPU.Build.0 = Debug|Any CPU
		{2A7E9722-DF2D-4C9A-A3BA-C0EFFC7FDA15}.Release|Any CPU.ActiveCfg = Release|Any CPU
		{2A7E9722-DF2D-4C9A-A3BA-C0EFFC7FDA15}.Release|Any CPU.Build.0 = Release|Any CPU
		{E71AB7CA-ECC2-47F9-AC4B-0E7DF84B5F69}.Debug|Any CPU.ActiveCfg = Debug|Any CPU
		{E71AB7CA-ECC2-47F9-AC4B-0E7DF84B5F69}.Debug|Any CPU.Build.0 = Debug|Any CPU
		{E71AB7CA-ECC2-47F9-AC4B-0E7DF84B5F69}.Release|Any CPU.ActiveCfg = Release|Any CPU
		{E71AB7CA-ECC2-47F9-AC4B-0E7DF84B5F69}.Release|Any CPU.Build.0 = Release|Any CPU
		{D2C47089-6CD3-456D-BE9D-4A9E8C682F51}.Debug|Any CPU.ActiveCfg = Debug|Any CPU
		{D2C47089-6CD3-456D-BE9D-4A9E8C682F51}.Debug|Any CPU.Build.0 = Debug|Any CPU
		{D2C47089-6CD3-456D-BE9D-4A9E8C682F51}.Release|Any CPU.ActiveCfg = Release|Any CPU
		{D2C47089-6CD3-456D-BE9D-4A9E8C682F51}.Release|Any CPU.Build.0 = Release|Any CPU
		{95146C27-016C-4071-876D-7E00DCB6C2A4}.Debug|Any CPU.ActiveCfg = Debug|Any CPU
		{95146C27-016C-4071-876D-7E00DCB6C2A4}.Debug|Any CPU.Build.0 = Debug|Any CPU
		{95146C27-016C-4071-876D-7E00DCB6C2A4}.Release|Any CPU.ActiveCfg = Release|Any CPU
		{95146C27-016C-4071-876D-7E00DCB6C2A4}.Release|Any CPU.Build.0 = Release|Any CPU
		{F1449E34-262F-481F-972D-62F31FAF2E91}.Debug|Any CPU.ActiveCfg = Debug|Any CPU
		{F1449E34-262F-481F-972D-62F31FAF2E91}.Debug|Any CPU.Build.0 = Debug|Any CPU
		{F1449E34-262F-481F-972D-62F31FAF2E91}.Release|Any CPU.ActiveCfg = Release|Any CPU
		{F1449E34-262F-481F-972D-62F31FAF2E91}.Release|Any CPU.Build.0 = Release|Any CPU
		{EAFCA9BB-7E1B-4004-88DB-C77C77EFB303}.Debug|Any CPU.ActiveCfg = Debug|Any CPU
		{EAFCA9BB-7E1B-4004-88DB-C77C77EFB303}.Debug|Any CPU.Build.0 = Debug|Any CPU
		{EAFCA9BB-7E1B-4004-88DB-C77C77EFB303}.Release|Any CPU.ActiveCfg = Release|Any CPU
		{EAFCA9BB-7E1B-4004-88DB-C77C77EFB303}.Release|Any CPU.Build.0 = Release|Any CPU
		{82BA1160-69E7-4A62-A534-14F9E3EAFA04}.Debug|Any CPU.ActiveCfg = Debug|Any CPU
		{82BA1160-69E7-4A62-A534-14F9E3EAFA04}.Debug|Any CPU.Build.0 = Debug|Any CPU
		{82BA1160-69E7-4A62-A534-14F9E3EAFA04}.Release|Any CPU.ActiveCfg = Release|Any CPU
		{82BA1160-69E7-4A62-A534-14F9E3EAFA04}.Release|Any CPU.Build.0 = Release|Any CPU
		{798A7F82-7B0C-4F2D-959F-FD8C025088C7}.Debug|Any CPU.ActiveCfg = Debug|Any CPU
		{798A7F82-7B0C-4F2D-959F-FD8C025088C7}.Debug|Any CPU.Build.0 = Debug|Any CPU
		{798A7F82-7B0C-4F2D-959F-FD8C025088C7}.Release|Any CPU.ActiveCfg = Release|Any CPU
		{798A7F82-7B0C-4F2D-959F-FD8C025088C7}.Release|Any CPU.Build.0 = Release|Any CPU
		{B6C1967C-6B49-4482-A7EB-A0A2D93D9ADE}.Debug|Any CPU.ActiveCfg = Debug|Any CPU
		{B6C1967C-6B49-4482-A7EB-A0A2D93D9ADE}.Debug|Any CPU.Build.0 = Debug|Any CPU
		{B6C1967C-6B49-4482-A7EB-A0A2D93D9ADE}.Release|Any CPU.ActiveCfg = Release|Any CPU
		{B6C1967C-6B49-4482-A7EB-A0A2D93D9ADE}.Release|Any CPU.Build.0 = Release|Any CPU
		{F20ABA99-358A-4DB7-9A11-DB3087F95C00}.Debug|Any CPU.ActiveCfg = Debug|Any CPU
		{F20ABA99-358A-4DB7-9A11-DB3087F95C00}.Debug|Any CPU.Build.0 = Debug|Any CPU
		{F20ABA99-358A-4DB7-9A11-DB3087F95C00}.Release|Any CPU.ActiveCfg = Release|Any CPU
		{F20ABA99-358A-4DB7-9A11-DB3087F95C00}.Release|Any CPU.Build.0 = Release|Any CPU
		{9D016A4C-F808-442E-933B-75BA4F02156A}.Debug|Any CPU.ActiveCfg = Debug|Any CPU
		{9D016A4C-F808-442E-933B-75BA4F02156A}.Debug|Any CPU.Build.0 = Debug|Any CPU
		{9D016A4C-F808-442E-933B-75BA4F02156A}.Release|Any CPU.ActiveCfg = Release|Any CPU
		{9D016A4C-F808-442E-933B-75BA4F02156A}.Release|Any CPU.Build.0 = Release|Any CPU
		{E535824B-BD48-5070-4B89-BAF47499D3B8}.Debug|Any CPU.ActiveCfg = Debug|Any CPU
		{E535824B-BD48-5070-4B89-BAF47499D3B8}.Debug|Any CPU.Build.0 = Debug|Any CPU
		{E535824B-BD48-5070-4B89-BAF47499D3B8}.Release|Any CPU.ActiveCfg = Release|Any CPU
		{E535824B-BD48-5070-4B89-BAF47499D3B8}.Release|Any CPU.Build.0 = Release|Any CPU
		{91A507CE-7265-472E-81C6-9F9EA32465FF}.Debug|Any CPU.ActiveCfg = Debug|Any CPU
		{91A507CE-7265-472E-81C6-9F9EA32465FF}.Debug|Any CPU.Build.0 = Debug|Any CPU
		{91A507CE-7265-472E-81C6-9F9EA32465FF}.Release|Any CPU.ActiveCfg = Release|Any CPU
		{91A507CE-7265-472E-81C6-9F9EA32465FF}.Release|Any CPU.Build.0 = Release|Any CPU
		{2697A432-A88B-4737-A0EF-2B3CC4695AD8}.Debug|Any CPU.ActiveCfg = Debug|Any CPU
		{2697A432-A88B-4737-A0EF-2B3CC4695AD8}.Debug|Any CPU.Build.0 = Debug|Any CPU
		{2697A432-A88B-4737-A0EF-2B3CC4695AD8}.Release|Any CPU.ActiveCfg = Release|Any CPU
		{2697A432-A88B-4737-A0EF-2B3CC4695AD8}.Release|Any CPU.Build.0 = Release|Any CPU
		{C3ADBCE2-E467-4C33-B093-482C048EFDDF}.Debug|Any CPU.ActiveCfg = Debug|Any CPU
		{C3ADBCE2-E467-4C33-B093-482C048EFDDF}.Debug|Any CPU.Build.0 = Debug|Any CPU
		{C3ADBCE2-E467-4C33-B093-482C048EFDDF}.Release|Any CPU.ActiveCfg = Release|Any CPU
		{C3ADBCE2-E467-4C33-B093-482C048EFDDF}.Release|Any CPU.Build.0 = Release|Any CPU
		{9569092F-4418-7D00-ED42-765FE98B80B4}.Debug|Any CPU.ActiveCfg = Debug|Any CPU
		{9569092F-4418-7D00-ED42-765FE98B80B4}.Debug|Any CPU.Build.0 = Debug|Any CPU
		{9569092F-4418-7D00-ED42-765FE98B80B4}.Release|Any CPU.ActiveCfg = Release|Any CPU
		{9569092F-4418-7D00-ED42-765FE98B80B4}.Release|Any CPU.Build.0 = Release|Any CPU
		{989F4A74-8117-41D1-B3AD-81BB6BC01053}.Debug|Any CPU.ActiveCfg = Debug|Any CPU
		{989F4A74-8117-41D1-B3AD-81BB6BC01053}.Debug|Any CPU.Build.0 = Debug|Any CPU
		{989F4A74-8117-41D1-B3AD-81BB6BC01053}.Release|Any CPU.ActiveCfg = Release|Any CPU
		{989F4A74-8117-41D1-B3AD-81BB6BC01053}.Release|Any CPU.Build.0 = Release|Any CPU
		{C746E535-7AC9-4368-B4E8-463A43B8F538}.Debug|Any CPU.ActiveCfg = Debug|Any CPU
		{C746E535-7AC9-4368-B4E8-463A43B8F538}.Debug|Any CPU.Build.0 = Debug|Any CPU
		{C746E535-7AC9-4368-B4E8-463A43B8F538}.Release|Any CPU.ActiveCfg = Release|Any CPU
		{C746E535-7AC9-4368-B4E8-463A43B8F538}.Release|Any CPU.Build.0 = Release|Any CPU
		{25BB7F1F-2F69-4106-8422-5EC420FCED22}.Debug|Any CPU.ActiveCfg = Debug|Any CPU
		{25BB7F1F-2F69-4106-8422-5EC420FCED22}.Debug|Any CPU.Build.0 = Debug|Any CPU
		{25BB7F1F-2F69-4106-8422-5EC420FCED22}.Release|Any CPU.ActiveCfg = Release|Any CPU
		{25BB7F1F-2F69-4106-8422-5EC420FCED22}.Release|Any CPU.Build.0 = Release|Any CPU
		{E3C2D325-A647-43F7-8323-9BB998BC69C4}.Debug|Any CPU.ActiveCfg = Debug|Any CPU
		{E3C2D325-A647-43F7-8323-9BB998BC69C4}.Debug|Any CPU.Build.0 = Debug|Any CPU
		{E3C2D325-A647-43F7-8323-9BB998BC69C4}.Release|Any CPU.ActiveCfg = Release|Any CPU
		{E3C2D325-A647-43F7-8323-9BB998BC69C4}.Release|Any CPU.Build.0 = Release|Any CPU
		{A5723663-8E5D-42FC-9C5E-67D12E1BF119}.Debug|Any CPU.ActiveCfg = Debug|Any CPU
		{A5723663-8E5D-42FC-9C5E-67D12E1BF119}.Debug|Any CPU.Build.0 = Debug|Any CPU
		{A5723663-8E5D-42FC-9C5E-67D12E1BF119}.Release|Any CPU.ActiveCfg = Release|Any CPU
		{A5723663-8E5D-42FC-9C5E-67D12E1BF119}.Release|Any CPU.Build.0 = Release|Any CPU
		{9A5D887D-1FD2-4E11-9D36-F6A1E411C74D}.Debug|Any CPU.ActiveCfg = Debug|Any CPU
		{9A5D887D-1FD2-4E11-9D36-F6A1E411C74D}.Debug|Any CPU.Build.0 = Debug|Any CPU
		{9A5D887D-1FD2-4E11-9D36-F6A1E411C74D}.Release|Any CPU.ActiveCfg = Release|Any CPU
		{9A5D887D-1FD2-4E11-9D36-F6A1E411C74D}.Release|Any CPU.Build.0 = Release|Any CPU
		{CE30565F-6F98-4746-8E31-25BA1AF7B24A}.Debug|Any CPU.ActiveCfg = Debug|Any CPU
		{CE30565F-6F98-4746-8E31-25BA1AF7B24A}.Debug|Any CPU.Build.0 = Debug|Any CPU
		{CE30565F-6F98-4746-8E31-25BA1AF7B24A}.Release|Any CPU.ActiveCfg = Release|Any CPU
		{CE30565F-6F98-4746-8E31-25BA1AF7B24A}.Release|Any CPU.Build.0 = Release|Any CPU
		{AEA76CDF-1D3A-440D-8A89-3B82CCB2D7B6}.Debug|Any CPU.ActiveCfg = Debug|Any CPU
		{AEA76CDF-1D3A-440D-8A89-3B82CCB2D7B6}.Debug|Any CPU.Build.0 = Debug|Any CPU
		{AEA76CDF-1D3A-440D-8A89-3B82CCB2D7B6}.Release|Any CPU.ActiveCfg = Release|Any CPU
		{AEA76CDF-1D3A-440D-8A89-3B82CCB2D7B6}.Release|Any CPU.Build.0 = Release|Any CPU
		{FF855FF8-F1B2-4E7C-A2F1-2A76D4633012}.Debug|Any CPU.ActiveCfg = Debug|Any CPU
		{FF855FF8-F1B2-4E7C-A2F1-2A76D4633012}.Debug|Any CPU.Build.0 = Debug|Any CPU
		{FF855FF8-F1B2-4E7C-A2F1-2A76D4633012}.Release|Any CPU.ActiveCfg = Release|Any CPU
		{FF855FF8-F1B2-4E7C-A2F1-2A76D4633012}.Release|Any CPU.Build.0 = Release|Any CPU
		{2ED2C483-D10F-4049-B19B-42F378E60B59}.Debug|Any CPU.ActiveCfg = Debug|Any CPU
		{2ED2C483-D10F-4049-B19B-42F378E60B59}.Debug|Any CPU.Build.0 = Debug|Any CPU
		{2ED2C483-D10F-4049-B19B-42F378E60B59}.Release|Any CPU.ActiveCfg = Release|Any CPU
		{2ED2C483-D10F-4049-B19B-42F378E60B59}.Release|Any CPU.Build.0 = Release|Any CPU
	EndGlobalSection
	GlobalSection(SolutionProperties) = preSolution
		HideSolutionNode = FALSE
	EndGlobalSection
	GlobalSection(NestedProjects) = preSolution
		{F125B557-CBBF-41FE-9086-D04A4F3939F8} = {DDB4EF12-CC4E-5E88-E6FC-71A802F4DE97}
		{CB73CF70-072B-4649-81D0-7795684D6FF3} = {AC93A825-5A15-4B22-8A24-9D16FA91CD93}
		{8FDB6222-DE03-4996-AFF4-E57E4BA23AA1} = {BE27865E-816E-45C0-AEAF-BBD884F88BBE}
		{E8466C88-4AF8-4BFC-9910-A1C99DA61626} = {8FDB6222-DE03-4996-AFF4-E57E4BA23AA1}
		{AC93A825-5A15-4B22-8A24-9D16FA91CD93} = {BE27865E-816E-45C0-AEAF-BBD884F88BBE}
		{F036D709-3EFC-408C-9D20-EB49D7581B84} = {5BFE22A5-BCD1-43BE-8AC1-9491D01CDE84}
		{54BE2BC2-4F7D-4620-B339-736A478DE12B} = {5BFE22A5-BCD1-43BE-8AC1-9491D01CDE84}
		{725E19A0-E4C6-41B7-8607-F71B27F12D41} = {BE27865E-816E-45C0-AEAF-BBD884F88BBE}
		{956DEFA2-7A7F-4640-ADC3-7E450DFA98F3} = {725E19A0-E4C6-41B7-8607-F71B27F12D41}
		{3A9431DA-8A20-4BBF-ACA5-AB0FBBFD7BA7} = {8FDB6222-DE03-4996-AFF4-E57E4BA23AA1}
		{A727B4DB-A908-C542-FCF2-2C77B3E0412D} = {26A8F833-7B24-4786-89C3-26018B4EAA8C}
		{D9456C8E-AB56-43C9-B747-4EB9EFAC1B7D} = {26A8F833-7B24-4786-89C3-26018B4EAA8C}
		{CFD5D712-C0EC-43CE-AE3B-110DB148EF76} = {D9456C8E-AB56-43C9-B747-4EB9EFAC1B7D}
		{4BEF79A9-DF5E-456B-B2CC-80C9D04CD9D2} = {D9456C8E-AB56-43C9-B747-4EB9EFAC1B7D}
		{36A8213E-6A2E-48E6-8CCB-A83A02965E12} = {C4ECFEE8-3F48-4E8A-8047-7377C0B2CAFE}
		{D05D10D0-3BD1-4FBC-A2E3-7096CDD89DBB} = {C4ECFEE8-3F48-4E8A-8047-7377C0B2CAFE}
		{B1DCB759-2F9E-4F27-A1AA-D9E4AC753137} = {D05D10D0-3BD1-4FBC-A2E3-7096CDD89DBB}
		{6141B4C2-F0B2-400A-AC8C-80F770497606} = {D05D10D0-3BD1-4FBC-A2E3-7096CDD89DBB}
		{937684D1-5D65-49D5-9725-5CE56F595CF6} = {A4DC0713-1326-46B6-95F8-BC8BC98BDCA5}
		{D7717FD8-247C-4C72-AC65-F56D1B085B66} = {937684D1-5D65-49D5-9725-5CE56F595CF6}
		{7B34514D-F55C-A5FE-D1EF-2AB834B91306} = {1D344094-23FE-423C-9FC6-DA7FE1B74F77}
		{9D888F9E-F1E9-D817-9103-5037E34D9814} = {1D344094-23FE-423C-9FC6-DA7FE1B74F77}
		{0717848E-9225-C8BC-F14E-D10D7B727278} = {2470DEB2-E56D-46B0-A6D3-E632B7D34F4A}
		{2A02DB32-9653-585F-521E-0F3C94586426} = {2470DEB2-E56D-46B0-A6D3-E632B7D34F4A}
		{CA591E4B-9272-4CE0-BDBC-263697B9452C} = {82B91F4B-08AB-4C81-BBE2-5C074777E032}
		{179A08EF-434E-4386-A9AF-58B9354E53A1} = {82B91F4B-08AB-4C81-BBE2-5C074777E032}
		{C4DF5A69-8995-402F-8318-65A1C5775A75} = {179A08EF-434E-4386-A9AF-58B9354E53A1}
		{77C8DA8F-8501-4309-8064-505A83FDFA7E} = {179A08EF-434E-4386-A9AF-58B9354E53A1}
		{0D1338B1-EA23-431F-919D-F594A15F66F4} = {AECDAAF4-B4EB-44E9-98AE-5F5CDAB9B4B0}
		{876FADFA-38BA-4729-ABC5-9166734A21EA} = {0D1338B1-EA23-431F-919D-F594A15F66F4}
		{BA3B5C5E-D6A4-39ED-6760-036CDB62E249} = {AECDAAF4-B4EB-44E9-98AE-5F5CDAB9B4B0}
		{3F87592F-B3F2-47CD-ABA9-CB9FDB026FA9} = {AECDAAF4-B4EB-44E9-98AE-5F5CDAB9B4B0}
		{E7F8118E-A450-4422-AC86-5D5F0C08BAF3} = {0D1338B1-EA23-431F-919D-F594A15F66F4}
		{6EF7678A-A725-F430-3097-30F090C0100A} = {17EAFA61-467A-4C39-86FE-3036E625A429}
		{010D0C11-D6A2-3CA6-3281-4E0FD547EC2D} = {17EAFA61-467A-4C39-86FE-3036E625A429}
		{720FC7DC-C9DB-4E02-52A5-277BCD545853} = {61FF73C3-094B-49D5-A013-1C5EE8852C8E}
		{4BDD005E-C076-4C2D-940B-1A0E4C7FD0FE} = {61FF73C3-094B-49D5-A013-1C5EE8852C8E}
		{B9340E67-82AD-4E3F-9FF0-02521C56368A} = {4BDD005E-C076-4C2D-940B-1A0E4C7FD0FE}
		{268A9A69-2596-4129-308A-703672B0FCAC} = {4BDD005E-C076-4C2D-940B-1A0E4C7FD0FE}
		{EE44298D-E64F-FF01-3AA7-24408C6432A0} = {4BDD005E-C076-4C2D-940B-1A0E4C7FD0FE}
		{0B48C449-0B35-182D-2B8C-BFE6C8DF0359} = {5BFE22A5-BCD1-43BE-8AC1-9491D01CDE84}
		{4109F16C-CC0F-746C-BB8C-6083813C958C} = {3962DE93-CE93-4BB8-8AD8-4D3BD7E7C383}
		{6C5C8E11-5C4E-7216-5310-F8D4870D4E3D} = {3962DE93-CE93-4BB8-8AD8-4D3BD7E7C383}
		{F01C3B69-9D05-4BEF-26EB-57BAD926097B} = {3962DE93-CE93-4BB8-8AD8-4D3BD7E7C383}
		{414DFFD5-4A0F-DD91-933A-D9585859A325} = {3962DE93-CE93-4BB8-8AD8-4D3BD7E7C383}
		{EFE3AE12-BADB-4F4A-AA5E-93FBCD304E07} = {5BFE22A5-BCD1-43BE-8AC1-9491D01CDE84}
		{9886782B-71D9-4D6F-8A08-1EA063957D0B} = {304C2934-D4A6-412A-9527-F2825D53C4DD}
		{5CBCE0CA-1E9A-4DD1-BD25-4BCE09EE135D} = {304C2934-D4A6-412A-9527-F2825D53C4DD}
		{FF5242D5-5B68-4271-9C66-7CC21B815776} = {5CBCE0CA-1E9A-4DD1-BD25-4BCE09EE135D}
		{2A7E9722-DF2D-4C9A-A3BA-C0EFFC7FDA15} = {5CBCE0CA-1E9A-4DD1-BD25-4BCE09EE135D}
		{E71AB7CA-ECC2-47F9-AC4B-0E7DF84B5F69} = {304C2934-D4A6-412A-9527-F2825D53C4DD}
		{D2C47089-6CD3-456D-BE9D-4A9E8C682F51} = {5CBCE0CA-1E9A-4DD1-BD25-4BCE09EE135D}
		{95146C27-016C-4071-876D-7E00DCB6C2A4} = {304C2934-D4A6-412A-9527-F2825D53C4DD}
		{F1449E34-262F-481F-972D-62F31FAF2E91} = {5CBCE0CA-1E9A-4DD1-BD25-4BCE09EE135D}
		{EAFCA9BB-7E1B-4004-88DB-C77C77EFB303} = {5CBCE0CA-1E9A-4DD1-BD25-4BCE09EE135D}
		{82BA1160-69E7-4A62-A534-14F9E3EAFA04} = {010C094C-4077-41B9-AF2F-35082B567BC1}
		{798A7F82-7B0C-4F2D-959F-FD8C025088C7} = {010C094C-4077-41B9-AF2F-35082B567BC1}
		{B6C1967C-6B49-4482-A7EB-A0A2D93D9ADE} = {010C094C-4077-41B9-AF2F-35082B567BC1}
		{F20ABA99-358A-4DB7-9A11-DB3087F95C00} = {010C094C-4077-41B9-AF2F-35082B567BC1}
		{9D016A4C-F808-442E-933B-75BA4F02156A} = {010C094C-4077-41B9-AF2F-35082B567BC1}
		{E535824B-BD48-5070-4B89-BAF47499D3B8} = {010C094C-4077-41B9-AF2F-35082B567BC1}
		{91A507CE-7265-472E-81C6-9F9EA32465FF} = {A4DC0713-1326-46B6-95F8-BC8BC98BDCA5}
		{2697A432-A88B-4737-A0EF-2B3CC4695AD8} = {A4DC0713-1326-46B6-95F8-BC8BC98BDCA5}
		{CD850502-C71C-4A6C-9CBA-651A9E6593E3} = {609987A5-6893-4E55-8D2C-A6B7F7F0E6F3}
		{C3ADBCE2-E467-4C33-B093-482C048EFDDF} = {CD850502-C71C-4A6C-9CBA-651A9E6593E3}
		{9569092F-4418-7D00-ED42-765FE98B80B4} = {609987A5-6893-4E55-8D2C-A6B7F7F0E6F3}
		{989F4A74-8117-41D1-B3AD-81BB6BC01053} = {07010B4B-05B3-4ED9-9AF7-5281CD1EB1AD}
		{9F27EDFD-D55B-4535-A96B-F5D3ABCC1390} = {07010B4B-05B3-4ED9-9AF7-5281CD1EB1AD}
		{C746E535-7AC9-4368-B4E8-463A43B8F538} = {9F27EDFD-D55B-4535-A96B-F5D3ABCC1390}
		{25BB7F1F-2F69-4106-8422-5EC420FCED22} = {07010B4B-05B3-4ED9-9AF7-5281CD1EB1AD}
		{E3C2D325-A647-43F7-8323-9BB998BC69C4} = {07010B4B-05B3-4ED9-9AF7-5281CD1EB1AD}
		{A5723663-8E5D-42FC-9C5E-67D12E1BF119} = {07010B4B-05B3-4ED9-9AF7-5281CD1EB1AD}
		{BC4856B2-053D-4840-8ABB-537762789C89} = {39829D15-BA81-4F66-8AB4-E2A3800DAE9E}
		{9A5D887D-1FD2-4E11-9D36-F6A1E411C74D} = {BC4856B2-053D-4840-8ABB-537762789C89}
		{CE30565F-6F98-4746-8E31-25BA1AF7B24A} = {BC4856B2-053D-4840-8ABB-537762789C89}
		{AEA76CDF-1D3A-440D-8A89-3B82CCB2D7B6} = {BC4856B2-053D-4840-8ABB-537762789C89}
		{FF855FF8-F1B2-4E7C-A2F1-2A76D4633012} = {40F0AAB3-5282-4650-8FAA-4032B40D175E}
		{F289354E-52AD-480A-A41E-20B6ECC2AAA4} = {40F0AAB3-5282-4650-8FAA-4032B40D175E}
		{2ED2C483-D10F-4049-B19B-42F378E60B59} = {F289354E-52AD-480A-A41E-20B6ECC2AAA4}
	EndGlobalSection
	GlobalSection(ExtensibilityGlobals) = postSolution
		SolutionGuid = {5F1D836E-B3E3-49B2-8392-98D1A9DCF407}
	EndGlobalSection
EndGlobal
